
Microsoft Visual Studio Solution File, Format Version 12.00
# Visual Studio Version 16
VisualStudioVersion = 16.0.31911.196
MinimumVisualStudioVersion = 10.0.40219.1
Project("{FAE04EC0-301F-11D3-BF4B-00C04F79EFBC}") = "MediaInfoWrapper", "MediaInfoWrapper.csproj", "{BA7B7BE9-65B4-4B82-B19D-AD551A1A613E}"
EndProject
Global
	GlobalSection(SolutionConfigurationPlatforms) = preSolution
		Debug|Any CPU = Debug|Any CPU
		Release|Any CPU = Release|Any CPU
	EndGlobalSection
	GlobalSection(ProjectConfigurationPlatforms) = postSolution
		{BA7B7BE9-65B4-4B82-B19D-AD551A1A613E}.Debug|Any CPU.ActiveCfg = Debug|Any CPU
		{BA7B7BE9-65B4-4B82-B19D-AD551A1A613E}.Debug|Any CPU.Build.0 = Debug|Any CPU
		{BA7B7BE9-65B4-4B82-B19D-AD551A1A613E}.Release|Any CPU.ActiveCfg = Release|Any CPU
		{BA7B7BE9-65B4-4B82-B19D-AD551A1A613E}.Release|Any CPU.Build.0 = Release|Any CPU
	EndGlobalSection
	GlobalSection(SolutionProperties) = preSolution
		HideSolutionNode = FALSE
	EndGlobalSection
	GlobalSection(ExtensibilityGlobals) = postSolution
		SolutionGuid = {AF0B19BD-71DF-4393-B584-3ACBE3FCDE0F}
	EndGlobalSection
EndGlobal
